
Microsoft Visual Studio Solution File, Format Version 12.00
# Visual Studio Version 17
VisualStudioVersion = 17.5.33530.505
MinimumVisualStudioVersion = 10.0.40219.1
Project("{FAE04EC0-301F-11D3-BF4B-00C04F79EFBC}") = "HW --5", "HW --5\HW --5.csproj", "{89DE534A-90C1-497B-8647-DC2CB552DB55}"
EndProject
Global
	GlobalSection(SolutionConfigurationPlatforms) = preSolution
		Debug|Any CPU = Debug|Any CPU
		Release|Any CPU = Release|Any CPU
	EndGlobalSection
	GlobalSection(ProjectConfigurationPlatforms) = postSolution
		{89DE534A-90C1-497B-8647-DC2CB552DB55}.Debug|Any CPU.ActiveCfg = Debug|Any CPU
		{89DE534A-90C1-497B-8647-DC2CB552DB55}.Debug|Any CPU.Build.0 = Debug|Any CPU
		{89DE534A-90C1-497B-8647-DC2CB552DB55}.Release|Any CPU.ActiveCfg = Release|Any CPU
		{89DE534A-90C1-497B-8647-DC2CB552DB55}.Release|Any CPU.Build.0 = Release|Any CPU
	EndGlobalSection
	GlobalSection(SolutionProperties) = preSolution
		HideSolutionNode = FALSE
	EndGlobalSection
	GlobalSection(ExtensibilityGlobals) = postSolution
		SolutionGuid = {736F1CC3-85C0-4C0A-B460-E77F1FF82A98}
	EndGlobalSection
EndGlobal
